Microsoft Visual Studio Solution File, Format Version 12.00
# Visual Studio Version 17
VisualStudioVersion = 17.5.2.0
MinimumVisualStudioVersion = 10.0.40219.1
Project("{FAE04EC0-301F-11D3-BF4B-00C04F79EFBC}") = "SharedKernel.Application", "SharedKernel.Application.csproj", "{0A0A0D9F-E189-4DA2-501D-C5834F15CAF0}"
EndProject
Global
	GlobalSection(SolutionConfigurationPlatforms) = preSolution
		Debug|Any CPU = Debug|Any CPU
		Release|Any CPU = Release|Any CPU
	EndGlobalSection
	GlobalSection(ProjectConfigurationPlatforms) = postSolution
		{0A0A0D9F-E189-4DA2-501D-C5834F15CAF0}.Debug|Any CPU.ActiveCfg = Debug|Any CPU
		{0A0A0D9F-E189-4DA2-501D-C5834F15CAF0}.Debug|Any CPU.Build.0 = Debug|Any CPU
		{0A0A0D9F-E189-4DA2-501D-C5834F15CAF0}.Release|Any CPU.ActiveCfg = Release|Any CPU
		{0A0A0D9F-E189-4DA2-501D-C5834F15CAF0}.Release|Any CPU.Build.0 = Release|Any CPU
	EndGlobalSection
	GlobalSection(SolutionProperties) = preSolution
		HideSolutionNode = FALSE
	EndGlobalSection
	GlobalSection(ExtensibilityGlobals) = postSolution
		SolutionGuid = {F1C73040-7A61-4B5F-885A-899574D58074}
	EndGlobalSection
EndGlobal
